
Microsoft Visual Studio Solution File, Format Version 12.00
# Visual Studio Version 16
VisualStudioVersion = 16.0.28803.156
MinimumVisualStudioVersion = 10.0.40219.1
Project("{8BC9CEB8-8B4A-11D0-8D11-00A0C91BC942}") = "Open_GL", "Open_GL.vcxproj", "{09C3FCC8-4B17-4D9C-B4CE-3645E45E052C}"
EndProject
Global
	GlobalSection(SolutionConfigurationPlatforms) = preSolution
		Debug|x64 = Debug|x64
		Debug|x86 = Debug|x86
		Release|x64 = Release|x64
		Release|x86 = Release|x86
	EndGlobalSection
	GlobalSection(ProjectConfigurationPlatforms) = postSolution
		{09C3FCC8-4B17-4D9C-B4CE-3645E45E052C}.Debug|x64.ActiveCfg = Debug|x64
		{09C3FCC8-4B17-4D9C-B4CE-3645E45E052C}.Debug|x64.Build.0 = Debug|x64
		{09C3FCC8-4B17-4D9C-B4CE-3645E45E052C}.Debug|x86.ActiveCfg = Debug|Win32
		{09C3FCC8-4B17-4D9C-B4CE-3645E45E052C}.Debug|x86.Build.0 = Debug|Win32
		{09C3FCC8-4B17-4D9C-B4CE-3645E45E052C}.Release|x64.ActiveCfg = Release|x64
		{09C3FCC8-4B17-4D9C-B4CE-3645E45E052C}.Release|x64.Build.0 = Release|x64
		{09C3FCC8-4B17-4D9C-B4CE-3645E45E052C}.Release|x86.ActiveCfg = Release|Win32
		{09C3FCC8-4B17-4D9C-B4CE-3645E45E052C}.Release|x86.Build.0 = Release|Win32
	EndGlobalSection
	GlobalSection(SolutionProperties) = preSolution
		HideSolutionNode = FALSE
	EndGlobalSection
	GlobalSection(ExtensibilityGlobals) = postSolution
		SolutionGuid = {8A4C33BD-6227-42C1-9874-38C37EE0E162}
	EndGlobalSection
EndGlobal
